// !$*UTF8*$!
{
	archiveVersion = 1;
	classes = {
	};
	objectVersion = 50;
	objects = {

/* Begin PBXBuildFile section */
		82754026250BEF990042BDD2 /* AppDelegate.swift in Sources */ = {isa = PBXBuildFile; fileRef = 82754025250BEF990042BDD2 /* AppDelegate.swift */; };
		82754028250BEF990042BDD2 /* SceneDelegate.swift in Sources */ = {isa = PBXBuildFile; fileRef = 82754027250BEF990042BDD2 /* SceneDelegate.swift */; };
		8275402A250BEF990042BDD2 /* ContentView.swift in Sources */ = {isa = PBXBuildFile; fileRef = 82754029250BEF990042BDD2 /* ContentView.swift */; };
		8275402C250BEF9B0042BDD2 /* Assets.xcassets in Resources */ = {isa = PBXBuildFile; fileRef = 8275402B250BEF9B0042BDD2 /* Assets.xcassets */; };
		8275402F250BEF9B0042BDD2 /* Preview Assets.xcassets in Resources */ = {isa = PBXBuildFile; fileRef = 8275402E250BEF9B0042BDD2 /* Preview Assets.xcassets */; };
		82754032250BEF9B0042BDD2 /* LaunchScreen.storyboard in Resources */ = {isa = PBXBuildFile; fileRef = 82754030250BEF9B0042BDD2 /* LaunchScreen.storyboard */; };
		8275403D250BEF9C0042BDD2 /* CombineSudyCasesTests.swift in Sources */ = {isa = PBXBuildFile; fileRef = 8275403C250BEF9C0042BDD2 /* CombineSudyCasesTests.swift */; };
		82754048250BEF9C0042BDD2 /* CombineSudyCasesUITests.swift in Sources */ = {isa = PBXBuildFile; fileRef = 82754047250BEF9C0042BDD2 /* CombineSudyCasesUITests.swift */; };
/* End PBXBuildFile section */

/* Begin PBXContainerItemProxy section */
		82754039250BEF9C0042BDD2 /* PBXContainerItemProxy */ = {
			isa = PBXContainerItemProxy;
			containerPortal = 8275401A250BEF990042BDD2 /* Project object */;
			proxyType = 1;
			remoteGlobalIDString = 82754021250BEF990042BDD2;
			remoteInfo = CombineSudyCases;
		};
		82754044250BEF9C0042BDD2 /* PBXContainerItemProxy */ = {
			isa = PBXContainerItemProxy;
			containerPortal = 8275401A250BEF990042BDD2 /* Project object */;
			proxyType = 1;
			remoteGlobalIDString = 82754021250BEF990042BDD2;
			remoteInfo = CombineSudyCases;
		};
/* End PBXContainerItemProxy section */

/* Begin PBXFileReference section */
		82754022250BEF990042BDD2 /* CombineSudyCases.app */ = {isa = PBXFileReference; explicitFileType = wrapper.application; includeInIndex = 0; path = CombineSudyCases.app; sourceTree = BUILT_PRODUCTS_DIR; };
		82754025250BEF990042BDD2 /* AppDelegate.swift */ = {isa = PBXFileReference; lastKnownFileType = sourcecode.swift; path = AppDelegate.swift; sourceTree = "<group>"; };
		82754027250BEF990042BDD2 /* SceneDelegate.swift */ = {isa = PBXFileReference; lastKnownFileType = sourcecode.swift; path = SceneDelegate.swift; sourceTree = "<group>"; };
		82754029250BEF990042BDD2 /* ContentView.swift */ = {isa = PBXFileReference; lastKnownFileType = sourcecode.swift; path = ContentView.swift; sourceTree = "<group>"; };
		8275402B250BEF9B0042BDD2 /* Assets.xcassets */ = {isa = PBXFileReference; lastKnownFileType = folder.assetcatalog; path = Assets.xcassets; sourceTree = "<group>"; };
		8275402E250BEF9B0042BDD2 /* Preview Assets.xcassets */ = {isa = PBXFileReference; lastKnownFileType = folder.assetcatalog; path = "Preview Assets.xcassets"; sourceTree = "<group>"; };
		82754031250BEF9B0042BDD2 /* Base */ = {isa = PBXFileReference; lastKnownFileType = file.storyboard; name = Base; path = Base.lproj/LaunchScreen.storyboard; sourceTree = "<group>"; };
		82754033250BEF9B0042BDD2 /* Info.plist */ = {isa = PBXFileReference; lastKnownFileType = text.plist.xml; path = Info.plist; sourceTree = "<group>"; };
		82754038250BEF9C0042BDD2 /* CombineSudyCasesTests.xctest */ = {isa = PBXFileReference; explicitFileType = wrapper.cfbundle; includeInIndex = 0; path = CombineSudyCasesTests.xctest; sourceTree = BUILT_PRODUCTS_DIR; };
		8275403C250BEF9C0042BDD2 /* CombineSudyCasesTests.swift */ = {isa = PBXFileReference; lastKnownFileType = sourcecode.swift; path = CombineSudyCasesTests.swift; sourceTree = "<group>"; };
		8275403E250BEF9C0042BDD2 /* Info.plist */ = {isa = PBXFileReference; lastKnownFileType = text.plist.xml; path = Info.plist; sourceTree = "<group>"; };
		82754043250BEF9C0042BDD2 /* CombineSudyCasesUITests.xctest */ = {isa = PBXFileReference; explicitFileType = wrapper.cfbundle; includeInIndex = 0; path = CombineSudyCasesUITests.xctest; sourceTree = BUILT_PRODUCTS_DIR; };
		82754047250BEF9C0042BDD2 /* CombineSudyCasesUITests.swift */ = {isa = PBXFileReference; lastKnownFileType = sourcecode.swift; path = CombineSudyCasesUITests.swift; sourceTree = "<group>"; };
		82754049250BEF9C0042BDD2 /* Info.plist */ = {isa = PBXFileReference; lastKnownFileType = text.plist.xml; path = Info.plist; sourceTree = "<group>"; };
		82754055250C21A20042BDD2 /* CombineStudyCases.playground */ = {isa = PBXFileReference; lastKnownFileType = file.playground; path = CombineStudyCases.playground; sourceTree = "<group>"; xcLanguageSpecificationIdentifier = xcode.lang.swift; };
/* End PBXFileReference section */

/* Begin PBXFrameworksBuildPhase section */
		8275401F250BEF990042BDD2 /* Frameworks */ = {
			isa = PBXFrameworksBuildPhase;
			buildActionMask = 2147483647;
			files = (
			);
			runOnlyForDeploymentPostprocessing = 0;
		};
		82754035250BEF9C0042BDD2 /* Frameworks */ = {
			isa = PBXFrameworksBuildPhase;
			buildActionMask = 2147483647;
			files = (
			);
			runOnlyForDeploymentPostprocessing = 0;
		};
		82754040250BEF9C0042BDD2 /* Frameworks */ = {
			isa = PBXFrameworksBuildPhase;
			buildActionMask = 2147483647;
			files = (
			);
			runOnlyForDeploymentPostprocessing = 0;
		};
/* End PBXFrameworksBuildPhase section */

/* Begin PBXGroup section */
		82754019250BEF990042BDD2 = {
			isa = PBXGroup;
			children = (
				82754055250C21A20042BDD2 /* CombineStudyCases.playground */,
				82754024250BEF990042BDD2 /* CombineSudyCases */,
				8275403B250BEF9C0042BDD2 /* CombineSudyCasesTests */,
				82754046250BEF9C0042BDD2 /* CombineSudyCasesUITests */,
				82754023250BEF990042BDD2 /* Products */,
			);
			sourceTree = "<group>";
		};
		82754023250BEF990042BDD2 /* Products */ = {
			isa = PBXGroup;
			children = (
				82754022250BEF990042BDD2 /* CombineSudyCases.app */,
				82754038250BEF9C0042BDD2 /* CombineSudyCasesTests.xctest */,
				82754043250BEF9C0042BDD2 /* CombineSudyCasesUITests.xctest */,
			);
			name = Products;
			sourceTree = "<group>";
		};
		82754024250BEF990042BDD2 /* CombineSudyCases */ = {
			isa = PBXGroup;
			children = (
				82754025250BEF990042BDD2 /* AppDelegate.swift */,
				82754027250BEF990042BDD2 /* SceneDelegate.swift */,
				82754029250BEF990042BDD2 /* ContentView.swift */,
				8275402B250BEF9B0042BDD2 /* Assets.xcassets */,
				82754030250BEF9B0042BDD2 /* LaunchScreen.storyboard */,
				82754033250BEF9B0042BDD2 /* Info.plist */,
				8275402D250BEF9B0042BDD2 /* Preview Content */,
			);
			path = CombineSudyCases;
			sourceTree = "<group>";
		};
		8275402D250BEF9B0042BDD2 /* Preview Content */ = {
			isa = PBXGroup;
			children = (
				8275402E250BEF9B0042BDD2 /* Preview Assets.xcassets */,
			);
			path = "Preview Content";
			sourceTree = "<group>";
		};
		8275403B250BEF9C0042BDD2 /* CombineSudyCasesTests */ = {
			isa = PBXGroup;
			children = (
				8275403C250BEF9C0042BDD2 /* CombineSudyCasesTests.swift */,
				8275403E250BEF9C0042BDD2 /* Info.plist */,
			);
			path = CombineSudyCasesTests;
			sourceTree = "<group>";
		};
		82754046250BEF9C0042BDD2 /* CombineSudyCasesUITests */ = {
			isa = PBXGroup;
			children = (
				82754047250BEF9C0042BDD2 /* CombineSudyCasesUITests.swift */,
				82754049250BEF9C0042BDD2 /* Info.plist */,
			);
			path = CombineSudyCasesUITests;
			sourceTree = "<group>";
		};
/* End PBXGroup section */

/* Begin PBXNativeTarget section */
		82754021250BEF990042BDD2 /* CombineSudyCases */ = {
			isa = PBXNativeTarget;
			buildConfigurationList = 8275404C250BEF9C0042BDD2 /* Build configuration list for PBXNativeTarget "CombineSudyCases" */;
			buildPhases = (
				8275401E250BEF990042BDD2 /* Sources */,
				8275401F250BEF990042BDD2 /* Frameworks */,
				82754020250BEF990042BDD2 /* Resources */,
			);
			buildRules = (
			);
			dependencies = (
			);
			name = CombineSudyCases;
			productName = CombineSudyCases;
			productReference = 82754022250BEF990042BDD2 /* CombineSudyCases.app */;
			productType = "com.apple.product-type.application";
		};
		82754037250BEF9C0042BDD2 /* CombineSudyCasesTests */ = {
			isa = PBXNativeTarget;
			buildConfigurationList = 8275404F250BEF9C0042BDD2 /* Build configuration list for PBXNativeTarget "CombineSudyCasesTests" */;
			buildPhases = (
				82754034250BEF9C0042BDD2 /* Sources */,
				82754035250BEF9C0042BDD2 /* Frameworks */,
				82754036250BEF9C0042BDD2 /* Resources */,
			);
			buildRules = (
			);
			dependencies = (
				8275403A250BEF9C0042BDD2 /* PBXTargetDependency */,
			);
			name = CombineSudyCasesTests;
			productName = CombineSudyCasesTests;
			productReference = 82754038250BEF9C0042BDD2 /* CombineSudyCasesTests.xctest */;
			productType = "com.apple.product-type.bundle.unit-test";
		};
		82754042250BEF9C0042BDD2 /* CombineSudyCasesUITests */ = {
			isa = PBXNativeTarget;
			buildConfigurationList = 82754052250BEF9C0042BDD2 /* Build configuration list for PBXNativeTarget "CombineSudyCasesUITests" */;
			buildPhases = (
				8275403F250BEF9C0042BDD2 /* Sources */,
				82754040250BEF9C0042BDD2 /* Frameworks */,
				82754041250BEF9C0042BDD2 /* Resources */,
			);
			buildRules = (
			);
			dependencies = (
				82754045250BEF9C0042BDD2 /* PBXTargetDependency */,
			);
			name = CombineSudyCasesUITests;
			productName = CombineSudyCasesUITests;
			productReference = 82754043250BEF9C0042BDD2 /* CombineSudyCasesUITests.xctest */;
			productType = "com.apple.product-type.bundle.ui-testing";
		};
/* End PBXNativeTarget section */

/* Begin PBXProject section */
		8275401A250BEF990042BDD2 /* Project object */ = {
			isa = PBXProject;
			attributes = {
				LastSwiftUpdateCheck = 1200;
				LastUpgradeCheck = 1200;
				TargetAttributes = {
					82754021250BEF990042BDD2 = {
						CreatedOnToolsVersion = 12.0;
					};
					82754037250BEF9C0042BDD2 = {
						CreatedOnToolsVersion = 12.0;
						TestTargetID = 82754021250BEF990042BDD2;
					};
					82754042250BEF9C0042BDD2 = {
						CreatedOnToolsVersion = 12.0;
						TestTargetID = 82754021250BEF990042BDD2;
					};
				};
			};
			buildConfigurationList = 8275401D250BEF990042BDD2 /* Build configuration list for PBXProject "CombineSudyCases" */;
			compatibilityVersion = "Xcode 9.3";
			developmentRegion = en;
			hasScannedForEncodings = 0;
			knownRegions = (
				en,
				Base,
			);
			mainGroup = 82754019250BEF990042BDD2;
			productRefGroup = 82754023250BEF990042BDD2 /* Products */;
			projectDirPath = "";
			projectRoot = "";
			targets = (
				82754021250BEF990042BDD2 /* CombineSudyCases */,
				82754037250BEF9C0042BDD2 /* CombineSudyCasesTests */,
				82754042250BEF9C0042BDD2 /* CombineSudyCasesUITests */,
			);
		};
/* End PBXProject section */

/* Begin PBXResourcesBuildPhase section */
		82754020250BEF990042BDD2 /* Resources */ = {
			isa = PBXResourcesBuildPhase;
			buildActionMask = 2147483647;
			files = (
				82754032250BEF9B0042BDD2 /* LaunchScreen.storyboard in Resources */,
				8275402F250BEF9B0042BDD2 /* Preview Assets.xcassets in Resources */,
				8275402C250BEF9B0042BDD2 /* Assets.xcassets in Resources */,
			);
			runOnlyForDeploymentPostprocessing = 0;
		};
		82754036250BEF9C0042BDD2 /* Resources */ = {
			isa = PBXResourcesBuildPhase;
			buildActionMask = 2147483647;
			files = (
			);
			runOnlyForDeploymentPostprocessing = 0;
		};
		82754041250BEF9C0042BDD2 /* Resources */ = {
			isa = PBXResourcesBuildPhase;
			buildActionMask = 2147483647;
			files = (
			);
			runOnlyForDeploymentPostprocessing = 0;
		};
/* End PBXResourcesBuildPhase section */

/* Begin PBXSourcesBuildPhase section */
		8275401E250BEF990042BDD2 /* Sources */ = {
			isa = PBXSourcesBuildPhase;
			buildActionMask = 2147483647;
			files = (
				82754026250BEF990042BDD2 /* AppDelegate.swift in Sources */,
				82754028250BEF990042BDD2 /* SceneDelegate.swift in Sources */,
				8275402A250BEF990042BDD2 /* ContentView.swift in Sources */,
			);
			runOnlyForDeploymentPostprocessing = 0;
		};
		82754034250BEF9C0042BDD2 /* Sources */ = {
			isa = PBXSourcesBuildPhase;
			buildActionMask = 2147483647;
			files = (
				8275403D250BEF9C0042BDD2 /* CombineSudyCasesTests.swift in Sources */,
			);
			runOnlyForDeploymentPostprocessing = 0;
		};
		8275403F250BEF9C0042BDD2 /* Sources */ = {
			isa = PBXSourcesBuildPhase;
			buildActionMask = 2147483647;
			files = (
				82754048250BEF9C0042BDD2 /* CombineSudyCasesUITests.swift in Sources */,
			);
			runOnlyForDeploymentPostprocessing = 0;
		};
/* End PBXSourcesBuildPhase section */

/* Begin PBXTargetDependency section */
		8275403A250BEF9C0042BDD2 /* PBXTargetDependency */ = {
			isa = PBXTargetDependency;
			target = 82754021250BEF990042BDD2 /* CombineSudyCases */;
			targetProxy = 82754039250BEF9C0042BDD2 /* PBXContainerItemProxy */;
		};
		82754045250BEF9C0042BDD2 /* PBXTargetDependency */ = {
			isa = PBXTargetDependency;
			target = 82754021250BEF990042BDD2 /* CombineSudyCases */;
			targetProxy = 82754044250BEF9C0042BDD2 /* PBXContainerItemProxy */;
		};
/* End PBXTargetDependency section */

/* Begin PBXVariantGroup section */
		82754030250BEF9B0042BDD2 /* LaunchScreen.storyboard */ = {
			isa = PBXVariantGroup;
			children = (
				82754031250BEF9B0042BDD2 /* Base */,
			);
			name = LaunchScreen.storyboard;
			sourceTree = "<group>";
		};
/* End PBXVariantGroup section */

/* Begin XCBuildConfiguration section */
		8275404A250BEF9C0042BDD2 /* Debug */ = {
			isa = XCBuildConfiguration;
			buildSettings = {
				ALWAYS_SEARCH_USER_PATHS = NO;
				CLANG_ANALYZER_NONNULL = YES;
				CLANG_ANALYZER_NUMBER_OBJECT_CONVERSION = YES_AGGRESSIVE;
				CLANG_CXX_LANGUAGE_STANDARD = "gnu++14";
				CLANG_CXX_LIBRARY = "libc++";
				CLANG_ENABLE_MODULES = YES;
				CLANG_ENABLE_OBJC_ARC = YES;
				CLANG_ENABLE_OBJC_WEAK = YES;
				CLANG_WARN_BLOCK_CAPTURE_AUTORELEASING = YES;
				CLANG_WARN_BOOL_CONVERSION = YES;
				CLANG_WARN_COMMA = YES;
				CLANG_WARN_CONSTANT_CONVERSION = YES;
				CLANG_WARN_DEPRECATED_OBJC_IMPLEMENTATIONS = YES;
				CLANG_WARN_DIRECT_OBJC_ISA_USAGE = YES_ERROR;
				CLANG_WARN_DOCUMENTATION_COMMENTS = YES;
				CLANG_WARN_EMPTY_BODY = YES;
				CLANG_WARN_ENUM_CONVERSION = YES;
				CLANG_WARN_INFINITE_RECURSION = YES;
				CLANG_WARN_INT_CONVERSION = YES;
				CLANG_WARN_NON_LITERAL_NULL_CONVERSION = YES;
				CLANG_WARN_OBJC_IMPLICIT_RETAIN_SELF = YES;
				CLANG_WARN_OBJC_LITERAL_CONVERSION = YES;
				CLANG_WARN_OBJC_ROOT_CLASS = YES_ERROR;
				CLANG_WARN_QUOTED_INCLUDE_IN_FRAMEWORK_HEADER = YES;
				CLANG_WARN_RANGE_LOOP_ANALYSIS = YES;
				CLANG_WARN_STRICT_PROTOTYPES = YES;
				CLANG_WARN_SUSPICIOUS_MOVE = YES;
				CLANG_WARN_UNGUARDED_AVAILABILITY = YES_AGGRESSIVE;
				CLANG_WARN_UNREACHABLE_CODE = YES;
				CLANG_WARN__DUPLICATE_METHOD_MATCH = YES;
				COPY_PHASE_STRIP = NO;
				DEBUG_INFORMATION_FORMAT = dwarf;
				ENABLE_STRICT_OBJC_MSGSEND = YES;
				ENABLE_TESTABILITY = YES;
				GCC_C_LANGUAGE_STANDARD = gnu11;
				GCC_DYNAMIC_NO_PIC = NO;
				GCC_NO_COMMON_BLOCKS = YES;
				GCC_OPTIMIZATION_LEVEL = 0;
				GCC_PREPROCESSOR_DEFINITIONS = (
					"DEBUG=1",
					"$(inherited)",
				);
				GCC_WARN_64_TO_32_BIT_CONVERSION = YES;
				GCC_WARN_ABOUT_RETURN_TYPE = YES_ERROR;
				GCC_WARN_UNDECLARED_SELECTOR = YES;
				GCC_WARN_UNINITIALIZED_AUTOS = YES_AGGRESSIVE;
				GCC_WARN_UNUSED_FUNCTION = YES;
				GCC_WARN_UNUSED_VARIABLE = YES;
				IPHONEOS_DEPLOYMENT_TARGET = 14.0;
				MTL_ENABLE_DEBUG_INFO = INCLUDE_SOURCE;
				MTL_FAST_MATH = YES;
				ONLY_ACTIVE_ARCH = YES;
				SDKROOT = iphoneos;
				SWIFT_ACTIVE_COMPILATION_CONDITIONS = DEBUG;
				SWIFT_OPTIMIZATION_LEVEL = "-Onone";
			};
			name = Debug;
		};
		8275404B250BEF9C0042BDD2 /* Release */ = {
			isa = XCBuildConfiguration;
			buildSettings = {
				ALWAYS_SEARCH_USER_PATHS = NO;
				CLANG_ANALYZER_NONNULL = YES;
				CLANG_ANALYZER_NUMBER_OBJECT_CONVERSION = YES_AGGRESSIVE;
				CLANG_CXX_LANGUAGE_STANDARD = "gnu++14";
				CLANG_CXX_LIBRARY = "libc++";
				CLANG_ENABLE_MODULES = YES;
				CLANG_ENABLE_OBJC_ARC = YES;
				CLANG_ENABLE_OBJC_WEAK = YES;
				CLANG_WARN_BLOCK_CAPTURE_AUTORELEASING = YES;
				CLANG_WARN_BOOL_CONVERSION = YES;
				CLANG_WARN_COMMA = YES;
				CLANG_WARN_CONSTANT_CONVERSION = YES;
				CLANG_WARN_DEPRECATED_OBJC_IMPLEMENTATIONS = YES;
				CLANG_WARN_DIRECT_OBJC_ISA_USAGE = YES_ERROR;
				CLANG_WARN_DOCUMENTATION_COMMENTS = YES;
				CLANG_WARN_EMPTY_BODY = YES;
				CLANG_WARN_ENUM_CONVERSION = YES;
				CLANG_WARN_INFINITE_RECURSION = YES;
				CLANG_WARN_INT_CONVERSION = YES;
				CLANG_WARN_NON_LITERAL_NULL_CONVERSION = YES;
				CLANG_WARN_OBJC_IMPLICIT_RETAIN_SELF = YES;
				CLANG_WARN_OBJC_LITERAL_CONVERSION = YES;
				CLANG_WARN_OBJC_ROOT_CLASS = YES_ERROR;
				CLANG_WARN_QUOTED_INCLUDE_IN_FRAMEWORK_HEADER = YES;
				CLANG_WARN_RANGE_LOOP_ANALYSIS = YES;
				CLANG_WARN_STRICT_PROTOTYPES = YES;
				CLANG_WARN_SUSPICIOUS_MOVE = YES;
				CLANG_WARN_UNGUARDED_AVAILABILITY = YES_AGGRESSIVE;
				CLANG_WARN_UNREACHABLE_CODE = YES;
				CLANG_WARN__DUPLICATE_METHOD_MATCH = YES;
				COPY_PHASE_STRIP = NO;
				DEBUG_INFORMATION_FORMAT = "dwarf-with-dsym";
				ENABLE_NS_ASSERTIONS = NO;
				ENABLE_STRICT_OBJC_MSGSEND = YES;
				GCC_C_LANGUAGE_STANDARD = gnu11;
				GCC_NO_COMMON_BLOCKS = YES;
				GCC_WARN_64_TO_32_BIT_CONVERSION = YES;
				GCC_WARN_ABOUT_RETURN_TYPE = YES_ERROR;
				GCC_WARN_UNDECLARED_SELECTOR = YES;
				GCC_WARN_UNINITIALIZED_AUTOS = YES_AGGRESSIVE;
				GCC_WARN_UNUSED_FUNCTION = YES;
				GCC_WARN_UNUSED_VARIABLE = YES;
				IPHONEOS_DEPLOYMENT_TARGET = 14.0;
				MTL_ENABLE_DEBUG_INFO = NO;
				MTL_FAST_MATH = YES;
				SDKROOT = iphoneos;
				SWIFT_COMPILATION_MODE = wholemodule;
				SWIFT_OPTIMIZATION_LEVEL = "-O";
				VALIDATE_PRODUCT = YES;
			};
			name = Release;
		};
		8275404D250BEF9C0042BDD2 /* Debug */ = {
			isa = XCBuildConfiguration;
			buildSettings = {
				ASSETCATALOG_COMPILER_APPICON_NAME = AppIcon;
				ASSETCATALOG_COMPILER_GLOBAL_ACCENT_COLOR_NAME = AccentColor;
				CODE_SIGN_STYLE = Automatic;
				DEVELOPMENT_ASSET_PATHS = "\"CombineSudyCases/Preview Content\"";
				DEVELOPMENT_TEAM = 3DVM59T2C5;
				ENABLE_PREVIEWS = YES;
				INFOPLIST_FILE = CombineSudyCases/Info.plist;
				LD_RUNPATH_SEARCH_PATHS = (
					"$(inherited)",
					"@executable_path/Frameworks",
				);
				PRODUCT_BUNDLE_IDENTIFIER = aaaa.CombineSudyCases;
				PRODUCT_NAME = "$(TARGET_NAME)";
				SWIFT_VERSION = 5.0;
				TARGETED_DEVICE_FAMILY = "1,2";
			};
			name = Debug;
		};
		8275404E250BEF9C0042BDD2 /* Release */ = {
			isa = XCBuildConfiguration;
			buildSettings = {
				ASSETCATALOG_COMPILER_APPICON_NAME = AppIcon;
				ASSETCATALOG_COMPILER_GLOBAL_ACCENT_COLOR_NAME = AccentColor;
				CODE_SIGN_STYLE = Automatic;
				DEVELOPMENT_ASSET_PATHS = "\"CombineSudyCases/Preview Content\"";
				DEVELOPMENT_TEAM = 3DVM59T2C5;
				ENABLE_PREVIEWS = YES;
				INFOPLIST_FILE = CombineSudyCases/Info.plist;
				LD_RUNPATH_SEARCH_PATHS = (
					"$(inherited)",
					"@executable_path/Frameworks",
				);
				PRODUCT_BUNDLE_IDENTIFIER = aaaa.CombineSudyCases;
				PRODUCT_NAME = "$(TARGET_NAME)";
				SWIFT_VERSION = 5.0;
				TARGETED_DEVICE_FAMILY = "1,2";
			};
			name = Release;
		};
		82754050250BEF9C0042BDD2 /* Debug */ = {
			isa = XCBuildConfiguration;
			buildSettings = {
				ALWAYS_EMBED_SWIFT_STANDARD_LIBRARIES = YES;
				BUNDLE_LOADER = "$(TEST_HOST)";
				CODE_SIGN_STYLE = Automatic;
				DEVELOPMENT_TEAM = 3DVM59T2C5;
				INFOPLIST_FILE = CombineSudyCasesTests/Info.plist;
				IPHONEOS_DEPLOYMENT_TARGET = 14.0;
				LD_RUNPATH_SEARCH_PATHS = (
					"$(inherited)",
					"@executable_path/Frameworks",
					"@loader_path/Frameworks",
				);
				PRODUCT_BUNDLE_IDENTIFIER = aaaa.CombineSudyCasesTests;
				PRODUCT_NAME = "$(TARGET_NAME)";
				SWIFT_VERSION = 5.0;
				TARGETED_DEVICE_FAMILY = "1,2";
				TEST_HOST = "$(BUILT_PRODUCTS_DIR)/CombineSudyCases.app/CombineSudyCases";
			};
			name = Debug;
		};
		82754051250BEF9C0042BDD2 /* Release */ = {
			isa = XCBuildConfiguration;
			buildSettings = {
				ALWAYS_EMBED_SWIFT_STANDARD_LIBRARIES = YES;
				BUNDLE_LOADER = "$(TEST_HOST)";
				CODE_SIGN_STYLE = Automatic;
				DEVELOPMENT_TEAM = 3DVM59T2C5;
				INFOPLIST_FILE = CombineSudyCasesTests/Info.plist;
				IPHONEOS_DEPLOYMENT_TARGET = 14.0;
				LD_RUNPATH_SEARCH_PATHS = (
					"$(inherited)",
					"@executable_path/Frameworks",
					"@loader_path/Frameworks",
				);
				PRODUCT_BUNDLE_IDENTIFIER = aaaa.CombineSudyCasesTests;
				PRODUCT_NAME = "$(TARGET_NAME)";
				SWIFT_VERSION = 5.0;
				TARGETED_DEVICE_FAMILY = "1,2";
				TEST_HOST = "$(BUILT_PRODUCTS_DIR)/CombineSudyCases.app/CombineSudyCases";
			};
			name = Release;
		};
		82754053250BEF9C0042BDD2 /* Debug */ = {
			isa = XCBuildConfiguration;
			buildSettings = {
				ALWAYS_EMBED_SWIFT_STANDARD_LIBRARIES = YES;
				CODE_SIGN_STYLE = Automatic;
				DEVELOPMENT_TEAM = 3DVM59T2C5;
				INFOPLIST_FILE = CombineSudyCasesUITests/Info.plist;
				LD_RUNPATH_SEARCH_PATHS = (
					"$(inherited)",
					"@executable_path/Frameworks",
					"@loader_path/Frameworks",
				);
				PRODUCT_BUNDLE_IDENTIFIER = aaaa.CombineSudyCasesUITests;
				PRODUCT_NAME = "$(TARGET_NAME)";
				SWIFT_VERSION = 5.0;
				TARGETED_DEVICE_FAMILY = "1,2";
				TEST_TARGET_NAME = CombineSudyCases;
			};
			name = Debug;
		};
		82754054250BEF9C0042BDD2 /* Release */ = {
			isa = XCBuildConfiguration;
			buildSettings = {
				ALWAYS_EMBED_SWIFT_STANDARD_LIBRARIES = YES;
				CODE_SIGN_STYLE = Automatic;
				DEVELOPMENT_TEAM = 3DVM59T2C5;
				INFOPLIST_FILE = CombineSudyCasesUITests/Info.plist;
				LD_RUNPATH_SEARCH_PATHS = (
					"$(inherited)",
					"@executable_path/Frameworks",
					"@loader_path/Frameworks",
				);
				PRODUCT_BUNDLE_IDENTIFIER = aaaa.CombineSudyCasesUITests;
				PRODUCT_NAME = "$(TARGET_NAME)";
				SWIFT_VERSION = 5.0;
				TARGETED_DEVICE_FAMILY = "1,2";
				TEST_TARGET_NAME = CombineSudyCases;
			};
			name = Release;
		};
/* End XCBuildConfiguration section */

/* Begin XCConfigurationList section */
		8275401D250BEF990042BDD2 /* Build configuration list for PBXProject "CombineSudyCases" */ = {
			isa = XCConfigurationList;
			buildConfigurations = (
				8275404A250BEF9C0042BDD2 /* Debug */,
				8275404B250BEF9C0042BDD2 /* Release */,
			);
			defaultConfigurationIsVisible = 0;
			defaultConfigurationName = Release;
		};
		8275404C250BEF9C0042BDD2 /* Build configuration list for PBXNativeTarget "CombineSudyCases" */ = {
			isa = XCConfigurationList;
			buildConfigurations = (
				8275404D250BEF9C0042BDD2 /* Debug */,
				8275404E250BEF9C0042BDD2 /* Release */,
			);
			defaultConfigurationIsVisible = 0;
			defaultConfigurationName = Release;
		};
		8275404F250BEF9C0042BDD2 /* Build configuration list for PBXNativeTarget "CombineSudyCasesTests" */ = {
			isa = XCConfigurationList;
			buildConfigurations = (
				82754050250BEF9C0042BDD2 /* Debug */,
				82754051250BEF9C0042BDD2 /* Release */,
			);
			defaultConfigurationIsVisible = 0;
			defaultConfigurationName = Release;
		};
		82754052250BEF9C0042BDD2 /* Build configuration list for PBXNativeTarget "CombineSudyCasesUITests" */ = {
			isa = XCConfigurationList;
			buildConfigurations = (
				82754053250BEF9C0042BDD2 /* Debug */,
				82754054250BEF9C0042BDD2 /* Release */,
			);
			defaultConfigurationIsVisible = 0;
			defaultConfigurationName = Release;
		};
/* End XCConfigurationList section */
	};
	rootObject = 8275401A250BEF990042BDD2 /* Project object */;
}
